// !$*UTF8*$!
{
	archiveVersion = 1;
	classes = {
	};
	objectVersion = 50;
	objects = {

/* Begin PBXBuildFile section */
		475E189324C5E8F5008AE9F8 /* AppDelegate.swift in Sources */ = {isa = PBXBuildFile; fileRef = 475E189224C5E8F5008AE9F8 /* AppDelegate.swift */; };
		475E189524C5E8F5008AE9F8 /* SceneDelegate.swift in Sources */ = {isa = PBXBuildFile; fileRef = 475E189424C5E8F5008AE9F8 /* SceneDelegate.swift */; };
		475E189724C5E8F5008AE9F8 /* ContentView.swift in Sources */ = {isa = PBXBuildFile; fileRef = 475E189624C5E8F5008AE9F8 /* ContentView.swift */; };
		475E189924C5E8F7008AE9F8 /* Assets.xcassets in Resources */ = {isa = PBXBuildFile; fileRef = 475E189824C5E8F7008AE9F8 /* Assets.xcassets */; };
		475E189C24C5E8F7008AE9F8 /* Preview Assets.xcassets in Resources */ = {isa = PBXBuildFile; fileRef = 475E189B24C5E8F7008AE9F8 /* Preview Assets.xcassets */; };
		475E189F24C5E8F7008AE9F8 /* LaunchScreen.storyboard in Resources */ = {isa = PBXBuildFile; fileRef = 475E189D24C5E8F7008AE9F8 /* LaunchScreen.storyboard */; };
		475E18A424C5E8F7008AE9F8 /* Random lunch selector WatchKit App.app in Embed Watch Content */ = {isa = PBXBuildFile; fileRef = 475E18A324C5E8F7008AE9F8 /* Random lunch selector WatchKit App.app */; settings = {ATTRIBUTES = (RemoveHeadersOnCopy, ); }; };
		475E18AA24C5E8F7008AE9F8 /* Interface.storyboard in Resources */ = {isa = PBXBuildFile; fileRef = 475E18A824C5E8F7008AE9F8 /* Interface.storyboard */; };
		475E18AC24C5E8F7008AE9F8 /* Assets.xcassets in Resources */ = {isa = PBXBuildFile; fileRef = 475E18AB24C5E8F7008AE9F8 /* Assets.xcassets */; };
		475E18B324C5E8F8008AE9F8 /* Random lunch selector WatchKit Extension.appex in Embed App Extensions */ = {isa = PBXBuildFile; fileRef = 475E18B224C5E8F8008AE9F8 /* Random lunch selector WatchKit Extension.appex */; settings = {ATTRIBUTES = (RemoveHeadersOnCopy, ); }; };
		475E18B824C5E8F8008AE9F8 /* ContentView.swift in Sources */ = {isa = PBXBuildFile; fileRef = 475E18B724C5E8F8008AE9F8 /* ContentView.swift */; };
		475E18BA24C5E8F8008AE9F8 /* HostingController.swift in Sources */ = {isa = PBXBuildFile; fileRef = 475E18B924C5E8F8008AE9F8 /* HostingController.swift */; };
		475E18BC24C5E8F8008AE9F8 /* ExtensionDelegate.swift in Sources */ = {isa = PBXBuildFile; fileRef = 475E18BB24C5E8F8008AE9F8 /* ExtensionDelegate.swift */; };
		475E18BE24C5E8F8008AE9F8 /* NotificationController.swift in Sources */ = {isa = PBXBuildFile; fileRef = 475E18BD24C5E8F8008AE9F8 /* NotificationController.swift */; };
		475E18C024C5E8F8008AE9F8 /* NotificationView.swift in Sources */ = {isa = PBXBuildFile; fileRef = 475E18BF24C5E8F8008AE9F8 /* NotificationView.swift */; };
		475E18C224C5E8F8008AE9F8 /* Assets.xcassets in Resources */ = {isa = PBXBuildFile; fileRef = 475E18C124C5E8F8008AE9F8 /* Assets.xcassets */; };
		475E18C524C5E8F8008AE9F8 /* Preview Assets.xcassets in Resources */ = {isa = PBXBuildFile; fileRef = 475E18C424C5E8F8008AE9F8 /* Preview Assets.xcassets */; };
/* End PBXBuildFile section */

/* Begin PBXContainerItemProxy section */
		475E18A524C5E8F7008AE9F8 /* PBXContainerItemProxy */ = {
			isa = PBXContainerItemProxy;
			containerPortal = 475E188724C5E8F5008AE9F8 /* Project object */;
			proxyType = 1;
			remoteGlobalIDString = 475E18A224C5E8F7008AE9F8;
			remoteInfo = "Random lunch selector WatchKit App";
		};
		475E18B424C5E8F8008AE9F8 /* PBXContainerItemProxy */ = {
			isa = PBXContainerItemProxy;
			containerPortal = 475E188724C5E8F5008AE9F8 /* Project object */;
			proxyType = 1;
			remoteGlobalIDString = 475E18B124C5E8F8008AE9F8;
			remoteInfo = "Random lunch selector WatchKit Extension";
		};
/* End PBXContainerItemProxy section */

/* Begin PBXCopyFilesBuildPhase section */
		475E18CD24C5E8F8008AE9F8 /* Embed App Extensions */ = {
			isa = PBXCopyFilesBuildPhase;
			buildActionMask = 2147483647;
			dstPath = "";
			dstSubfolderSpec = 13;
			files = (
				475E18B324C5E8F8008AE9F8 /* Random lunch selector WatchKit Extension.appex in Embed App Extensions */,
			);
			name = "Embed App Extensions";
			runOnlyForDeploymentPostprocessing = 0;
		};
		475E18D124C5E8F8008AE9F8 /* Embed Watch Content */ = {
			isa = PBXCopyFilesBuildPhase;
			buildActionMask = 2147483647;
			dstPath = "$(CONTENTS_FOLDER_PATH)/Watch";
			dstSubfolderSpec = 16;
			files = (
				475E18A424C5E8F7008AE9F8 /* Random lunch selector WatchKit App.app in Embed Watch Content */,
			);
			name = "Embed Watch Content";
			runOnlyForDeploymentPostprocessing = 0;
		};
/* End PBXCopyFilesBuildPhase section */

/* Begin PBXFileReference section */
		475E188F24C5E8F5008AE9F8 /* Random lunch selector.app */ = {isa = PBXFileReference; explicitFileType = wrapper.application; includeInIndex = 0; path = "Random lunch selector.app"; sourceTree = BUILT_PRODUCTS_DIR; };
		475E189224C5E8F5008AE9F8 /* AppDelegate.swift */ = {isa = PBXFileReference; lastKnownFileType = sourcecode.swift; path = AppDelegate.swift; sourceTree = "<group>"; };
		475E189424C5E8F5008AE9F8 /* SceneDelegate.swift */ = {isa = PBXFileReference; lastKnownFileType = sourcecode.swift; path = SceneDelegate.swift; sourceTree = "<group>"; };
		475E189624C5E8F5008AE9F8 /* ContentView.swift */ = {isa = PBXFileReference; lastKnownFileType = sourcecode.swift; path = ContentView.swift; sourceTree = "<group>"; };
		475E189824C5E8F7008AE9F8 /* Assets.xcassets */ = {isa = PBXFileReference; lastKnownFileType = folder.assetcatalog; path = Assets.xcassets; sourceTree = "<group>"; };
		475E189B24C5E8F7008AE9F8 /* Preview Assets.xcassets */ = {isa = PBXFileReference; lastKnownFileType = folder.assetcatalog; path = "Preview Assets.xcassets"; sourceTree = "<group>"; };
		475E189E24C5E8F7008AE9F8 /* Base */ = {isa = PBXFileReference; lastKnownFileType = file.storyboard; name = Base; path = Base.lproj/LaunchScreen.storyboard; sourceTree = "<group>"; };
		475E18A024C5E8F7008AE9F8 /* Info.plist */ = {isa = PBXFileReference; lastKnownFileType = text.plist.xml; path = Info.plist; sourceTree = "<group>"; };
		475E18A324C5E8F7008AE9F8 /* Random lunch selector WatchKit App.app */ = {isa = PBXFileReference; explicitFileType = wrapper.application; includeInIndex = 0; path = "Random lunch selector WatchKit App.app"; sourceTree = BUILT_PRODUCTS_DIR; };
		475E18A924C5E8F7008AE9F8 /* Base */ = {isa = PBXFileReference; lastKnownFileType = file.storyboard; name = Base; path = Base.lproj/Interface.storyboard; sourceTree = "<group>"; };
		475E18AB24C5E8F7008AE9F8 /* Assets.xcassets */ = {isa = PBXFileReference; lastKnownFileType = folder.assetcatalog; path = Assets.xcassets; sourceTree = "<group>"; };
		475E18AD24C5E8F7008AE9F8 /* Info.plist */ = {isa = PBXFileReference; lastKnownFileType = text.plist.xml; path = Info.plist; sourceTree = "<group>"; };
		475E18B224C5E8F8008AE9F8 /* Random lunch selector WatchKit Extension.appex */ = {isa = PBXFileReference; explicitFileType = "wrapper.app-extension"; includeInIndex = 0; path = "Random lunch selector WatchKit Extension.appex"; sourceTree = BUILT_PRODUCTS_DIR; };
		475E18B724C5E8F8008AE9F8 /* ContentView.swift */ = {isa = PBXFileReference; lastKnownFileType = sourcecode.swift; path = ContentView.swift; sourceTree = "<group>"; };
		475E18B924C5E8F8008AE9F8 /* HostingController.swift */ = {isa = PBXFileReference; lastKnownFileType = sourcecode.swift; path = HostingController.swift; sourceTree = "<group>"; };
		475E18BB24C5E8F8008AE9F8 /* ExtensionDelegate.swift */ = {isa = PBXFileReference; lastKnownFileType = sourcecode.swift; path = ExtensionDelegate.swift; sourceTree = "<group>"; };
		475E18BD24C5E8F8008AE9F8 /* NotificationController.swift */ = {isa = PBXFileReference; lastKnownFileType = sourcecode.swift; path = NotificationController.swift; sourceTree = "<group>"; };
		475E18BF24C5E8F8008AE9F8 /* NotificationView.swift */ = {isa = PBXFileReference; lastKnownFileType = sourcecode.swift; path = NotificationView.swift; sourceTree = "<group>"; };
		475E18C124C5E8F8008AE9F8 /* Assets.xcassets */ = {isa = PBXFileReference; lastKnownFileType = folder.assetcatalog; path = Assets.xcassets; sourceTree = "<group>"; };
		475E18C424C5E8F8008AE9F8 /* Preview Assets.xcassets */ = {isa = PBXFileReference; lastKnownFileType = folder.assetcatalog; path = "Preview Assets.xcassets"; sourceTree = "<group>"; };
		475E18C624C5E8F8008AE9F8 /* Info.plist */ = {isa = PBXFileReference; lastKnownFileType = text.plist.xml; path = Info.plist; sourceTree = "<group>"; };
		475E18C724C5E8F8008AE9F8 /* PushNotificationPayload.apns */ = {isa = PBXFileReference; lastKnownFileType = text; path = PushNotificationPayload.apns; sourceTree = "<group>"; };
/* End PBXFileReference section */

/* Begin PBXFrameworksBuildPhase section */
		475E188C24C5E8F5008AE9F8 /* Frameworks */ = {
			isa = PBXFrameworksBuildPhase;
			buildActionMask = 2147483647;
			files = (
			);
			runOnlyForDeploymentPostprocessing = 0;
		};
		475E18AF24C5E8F8008AE9F8 /* Frameworks */ = {
			isa = PBXFrameworksBuildPhase;
			buildActionMask = 2147483647;
			files = (
			);
			runOnlyForDeploymentPostprocessing = 0;
		};
/* End PBXFrameworksBuildPhase section */

/* Begin PBXGroup section */
		475E188624C5E8F5008AE9F8 = {
			isa = PBXGroup;
			children = (
				475E189124C5E8F5008AE9F8 /* Random lunch selector */,
				475E18A724C5E8F7008AE9F8 /* Random lunch selector WatchKit App */,
				475E18B624C5E8F8008AE9F8 /* Random lunch selector WatchKit Extension */,
				475E189024C5E8F5008AE9F8 /* Products */,
			);
			sourceTree = "<group>";
		};
		475E189024C5E8F5008AE9F8 /* Products */ = {
			isa = PBXGroup;
			children = (
				475E188F24C5E8F5008AE9F8 /* Random lunch selector.app */,
				475E18A324C5E8F7008AE9F8 /* Random lunch selector WatchKit App.app */,
				475E18B224C5E8F8008AE9F8 /* Random lunch selector WatchKit Extension.appex */,
			);
			name = Products;
			sourceTree = "<group>";
		};
		475E189124C5E8F5008AE9F8 /* Random lunch selector */ = {
			isa = PBXGroup;
			children = (
				475E189224C5E8F5008AE9F8 /* AppDelegate.swift */,
				475E189424C5E8F5008AE9F8 /* SceneDelegate.swift */,
				475E189624C5E8F5008AE9F8 /* ContentView.swift */,
				475E189824C5E8F7008AE9F8 /* Assets.xcassets */,
				475E189D24C5E8F7008AE9F8 /* LaunchScreen.storyboard */,
				475E18A024C5E8F7008AE9F8 /* Info.plist */,
				475E189A24C5E8F7008AE9F8 /* Preview Content */,
			);
			path = "Random lunch selector";
			sourceTree = "<group>";
		};
		475E189A24C5E8F7008AE9F8 /* Preview Content */ = {
			isa = PBXGroup;
			children = (
				475E189B24C5E8F7008AE9F8 /* Preview Assets.xcassets */,
			);
			path = "Preview Content";
			sourceTree = "<group>";
		};
		475E18A724C5E8F7008AE9F8 /* Random lunch selector WatchKit App */ = {
			isa = PBXGroup;
			children = (
				475E18A824C5E8F7008AE9F8 /* Interface.storyboard */,
				475E18AB24C5E8F7008AE9F8 /* Assets.xcassets */,
				475E18AD24C5E8F7008AE9F8 /* Info.plist */,
			);
			path = "Random lunch selector WatchKit App";
			sourceTree = "<group>";
		};
		475E18B624C5E8F8008AE9F8 /* Random lunch selector WatchKit Extension */ = {
			isa = PBXGroup;
			children = (
				475E18B724C5E8F8008AE9F8 /* ContentView.swift */,
				475E18B924C5E8F8008AE9F8 /* HostingController.swift */,
				475E18BB24C5E8F8008AE9F8 /* ExtensionDelegate.swift */,
				475E18BD24C5E8F8008AE9F8 /* NotificationController.swift */,
				475E18BF24C5E8F8008AE9F8 /* NotificationView.swift */,
				475E18C124C5E8F8008AE9F8 /* Assets.xcassets */,
				475E18C624C5E8F8008AE9F8 /* Info.plist */,
				475E18C724C5E8F8008AE9F8 /* PushNotificationPayload.apns */,
				475E18C324C5E8F8008AE9F8 /* Preview Content */,
			);
			path = "Random lunch selector WatchKit Extension";
			sourceTree = "<group>";
		};
		475E18C324C5E8F8008AE9F8 /* Preview Content */ = {
			isa = PBXGroup;
			children = (
				475E18C424C5E8F8008AE9F8 /* Preview Assets.xcassets */,
			);
			path = "Preview Content";
			sourceTree = "<group>";
		};
/* End PBXGroup section */

/* Begin PBXNativeTarget section */
		475E188E24C5E8F5008AE9F8 /* Random lunch selector */ = {
			isa = PBXNativeTarget;
			buildConfigurationList = 475E18D224C5E8F8008AE9F8 /* Build configuration list for PBXNativeTarget "Random lunch selector" */;
			buildPhases = (
				475E188B24C5E8F5008AE9F8 /* Sources */,
				475E188C24C5E8F5008AE9F8 /* Frameworks */,
				475E188D24C5E8F5008AE9F8 /* Resources */,
				475E18D124C5E8F8008AE9F8 /* Embed Watch Content */,
			);
			buildRules = (
			);
			dependencies = (
				475E18A624C5E8F7008AE9F8 /* PBXTargetDependency */,
			);
			name = "Random lunch selector";
			productName = "Random lunch selector";
			productReference = 475E188F24C5E8F5008AE9F8 /* Random lunch selector.app */;
			productType = "com.apple.product-type.application";
		};
		475E18A224C5E8F7008AE9F8 /* Random lunch selector WatchKit App */ = {
			isa = PBXNativeTarget;
			buildConfigurationList = 475E18CE24C5E8F8008AE9F8 /* Build configuration list for PBXNativeTarget "Random lunch selector WatchKit App" */;
			buildPhases = (
				475E18A124C5E8F7008AE9F8 /* Resources */,
				475E18CD24C5E8F8008AE9F8 /* Embed App Extensions */,
			);
			buildRules = (
			);
			dependencies = (
				475E18B524C5E8F8008AE9F8 /* PBXTargetDependency */,
			);
			name = "Random lunch selector WatchKit App";
			productName = "Random lunch selector WatchKit App";
			productReference = 475E18A324C5E8F7008AE9F8 /* Random lunch selector WatchKit App.app */;
			productType = "com.apple.product-type.application.watchapp2";
		};
		475E18B124C5E8F8008AE9F8 /* Random lunch selector WatchKit Extension */ = {
			isa = PBXNativeTarget;
			buildConfigurationList = 475E18CA24C5E8F8008AE9F8 /* Build configuration list for PBXNativeTarget "Random lunch selector WatchKit Extension" */;
			buildPhases = (
				475E18AE24C5E8F8008AE9F8 /* Sources */,
				475E18AF24C5E8F8008AE9F8 /* Frameworks */,
				475E18B024C5E8F8008AE9F8 /* Resources */,
			);
			buildRules = (
			);
			dependencies = (
			);
			name = "Random lunch selector WatchKit Extension";
			productName = "Random lunch selector WatchKit Extension";
			productReference = 475E18B224C5E8F8008AE9F8 /* Random lunch selector WatchKit Extension.appex */;
			productType = "com.apple.product-type.watchkit2-extension";
		};
/* End PBXNativeTarget section */

/* Begin PBXProject section */
		475E188724C5E8F5008AE9F8 /* Project object */ = {
			isa = PBXProject;
			attributes = {
				LastSwiftUpdateCheck = 1160;
				LastUpgradeCheck = 1160;
				ORGANIZATIONNAME = "Seunghun Kim";
				TargetAttributes = {
					475E188E24C5E8F5008AE9F8 = {
						CreatedOnToolsVersion = 11.6;
					};
					475E18A224C5E8F7008AE9F8 = {
						CreatedOnToolsVersion = 11.6;
					};
					475E18B124C5E8F8008AE9F8 = {
						CreatedOnToolsVersion = 11.6;
					};
				};
			};
			buildConfigurationList = 475E188A24C5E8F5008AE9F8 /* Build configuration list for PBXProject "Random lunch selector" */;
			compatibilityVersion = "Xcode 9.3";
			developmentRegion = en;
			hasScannedForEncodings = 0;
			knownRegions = (
				en,
				Base,
			);
			mainGroup = 475E188624C5E8F5008AE9F8;
			productRefGroup = 475E189024C5E8F5008AE9F8 /* Products */;
			projectDirPath = "";
			projectRoot = "";
			targets = (
				475E188E24C5E8F5008AE9F8 /* Random lunch selector */,
				475E18A224C5E8F7008AE9F8 /* Random lunch selector WatchKit App */,
				475E18B124C5E8F8008AE9F8 /* Random lunch selector WatchKit Extension */,
			);
		};
/* End PBXProject section */

/* Begin PBXResourcesBuildPhase section */
		475E188D24C5E8F5008AE9F8 /* Resources */ = {
			isa = PBXResourcesBuildPhase;
			buildActionMask = 2147483647;
			files = (
				475E189F24C5E8F7008AE9F8 /* LaunchScreen.storyboard in Resources */,
				475E189C24C5E8F7008AE9F8 /* Preview Assets.xcassets in Resources */,
				475E189924C5E8F7008AE9F8 /* Assets.xcassets in Resources */,
			);
			runOnlyForDeploymentPostprocessing = 0;
		};
		475E18A124C5E8F7008AE9F8 /* Resources */ = {
			isa = PBXResourcesBuildPhase;
			buildActionMask = 2147483647;
			files = (
				475E18AC24C5E8F7008AE9F8 /* Assets.xcassets in Resources */,
				475E18AA24C5E8F7008AE9F8 /* Interface.storyboard in Resources */,
			);
			runOnlyForDeploymentPostprocessing = 0;
		};
		475E18B024C5E8F8008AE9F8 /* Resources */ = {
			isa = PBXResourcesBuildPhase;
			buildActionMask = 2147483647;
			files = (
				475E18C524C5E8F8008AE9F8 /* Preview Assets.xcassets in Resources */,
				475E18C224C5E8F8008AE9F8 /* Assets.xcassets in Resources */,
			);
			runOnlyForDeploymentPostprocessing = 0;
		};
/* End PBXResourcesBuildPhase section */

/* Begin PBXSourcesBuildPhase section */
		475E188B24C5E8F5008AE9F8 /* Sources */ = {
			isa = PBXSourcesBuildPhase;
			buildActionMask = 2147483647;
			files = (
				475E189324C5E8F5008AE9F8 /* AppDelegate.swift in Sources */,
				475E189524C5E8F5008AE9F8 /* SceneDelegate.swift in Sources */,
				475E189724C5E8F5008AE9F8 /* ContentView.swift in Sources */,
			);
			runOnlyForDeploymentPostprocessing = 0;
		};
		475E18AE24C5E8F8008AE9F8 /* Sources */ = {
			isa = PBXSourcesBuildPhase;
			buildActionMask = 2147483647;
			files = (
				475E18BA24C5E8F8008AE9F8 /* HostingController.swift in Sources */,
				475E18B824C5E8F8008AE9F8 /* ContentView.swift in Sources */,
				475E18BE24C5E8F8008AE9F8 /* NotificationController.swift in Sources */,
				475E18BC24C5E8F8008AE9F8 /* ExtensionDelegate.swift in Sources */,
				475E18C024C5E8F8008AE9F8 /* NotificationView.swift in Sources */,
			);
			runOnlyForDeploymentPostprocessing = 0;
		};
/* End PBXSourcesBuildPhase section */

/* Begin PBXTargetDependency section */
		475E18A624C5E8F7008AE9F8 /* PBXTargetDependency */ = {
			isa = PBXTargetDependency;
			target = 475E18A224C5E8F7008AE9F8 /* Random lunch selector WatchKit App */;
			targetProxy = 475E18A524C5E8F7008AE9F8 /* PBXContainerItemProxy */;
		};
		475E18B524C5E8F8008AE9F8 /* PBXTargetDependency */ = {
			isa = PBXTargetDependency;
			target = 475E18B124C5E8F8008AE9F8 /* Random lunch selector WatchKit Extension */;
			targetProxy = 475E18B424C5E8F8008AE9F8 /* PBXContainerItemProxy */;
		};
/* End PBXTargetDependency section */

/* Begin PBXVariantGroup section */
		475E189D24C5E8F7008AE9F8 /* LaunchScreen.storyboard */ = {
			isa = PBXVariantGroup;
			children = (
				475E189E24C5E8F7008AE9F8 /* Base */,
			);
			name = LaunchScreen.storyboard;
			sourceTree = "<group>";
		};
		475E18A824C5E8F7008AE9F8 /* Interface.storyboard */ = {
			isa = PBXVariantGroup;
			children = (
				475E18A924C5E8F7008AE9F8 /* Base */,
			);
			name = Interface.storyboard;
			sourceTree = "<group>";
		};
/* End PBXVariantGroup section */

/* Begin XCBuildConfiguration section */
		475E18C824C5E8F8008AE9F8 /* Debug */ = {
			isa = XCBuildConfiguration;
			buildSettings = {
				ALWAYS_SEARCH_USER_PATHS = NO;
				CLANG_ANALYZER_NONNULL = YES;
				CLANG_ANALYZER_NUMBER_OBJECT_CONVERSION = YES_AGGRESSIVE;
				CLANG_CXX_LANGUAGE_STANDARD = "gnu++14";
				CLANG_CXX_LIBRARY = "libc++";
				CLANG_ENABLE_MODULES = YES;
				CLANG_ENABLE_OBJC_ARC = YES;
				CLANG_ENABLE_OBJC_WEAK = YES;
				CLANG_WARN_BLOCK_CAPTURE_AUTORELEASING = YES;
				CLANG_WARN_BOOL_CONVERSION = YES;
				CLANG_WARN_COMMA = YES;
				CLANG_WARN_CONSTANT_CONVERSION = YES;
				CLANG_WARN_DEPRECATED_OBJC_IMPLEMENTATIONS = YES;
				CLANG_WARN_DIRECT_OBJC_ISA_USAGE = YES_ERROR;
				CLANG_WARN_DOCUMENTATION_COMMENTS = YES;
				CLANG_WARN_EMPTY_BODY = YES;
				CLANG_WARN_ENUM_CONVERSION = YES;
				CLANG_WARN_INFINITE_RECURSION = YES;
				CLANG_WARN_INT_CONVERSION = YES;
				CLANG_WARN_NON_LITERAL_NULL_CONVERSION = YES;
				CLANG_WARN_OBJC_IMPLICIT_RETAIN_SELF = YES;
				CLANG_WARN_OBJC_LITERAL_CONVERSION = YES;
				CLANG_WARN_OBJC_ROOT_CLASS = YES_ERROR;
				CLANG_WARN_RANGE_LOOP_ANALYSIS = YES;
				CLANG_WARN_STRICT_PROTOTYPES = YES;
				CLANG_WARN_SUSPICIOUS_MOVE = YES;
				CLANG_WARN_UNGUARDED_AVAILABILITY = YES_AGGRESSIVE;
				CLANG_WARN_UNREACHABLE_CODE = YES;
				CLANG_WARN__DUPLICATE_METHOD_MATCH = YES;
				COPY_PHASE_STRIP = NO;
				DEBUG_INFORMATION_FORMAT = dwarf;
				ENABLE_STRICT_OBJC_MSGSEND = YES;
				ENABLE_TESTABILITY = YES;
				GCC_C_LANGUAGE_STANDARD = gnu11;
				GCC_DYNAMIC_NO_PIC = NO;
				GCC_NO_COMMON_BLOCKS = YES;
				GCC_OPTIMIZATION_LEVEL = 0;
				GCC_PREPROCESSOR_DEFINITIONS = (
					"DEBUG=1",
					"$(inherited)",
				);
				GCC_WARN_64_TO_32_BIT_CONVERSION = YES;
				GCC_WARN_ABOUT_RETURN_TYPE = YES_ERROR;
				GCC_WARN_UNDECLARED_SELECTOR = YES;
				GCC_WARN_UNINITIALIZED_AUTOS = YES_AGGRESSIVE;
				GCC_WARN_UNUSED_FUNCTION = YES;
				GCC_WARN_UNUSED_VARIABLE = YES;
				IPHONEOS_DEPLOYMENT_TARGET = 13.6;
				MTL_ENABLE_DEBUG_INFO = INCLUDE_SOURCE;
				MTL_FAST_MATH = YES;
				ONLY_ACTIVE_ARCH = YES;
				SDKROOT = iphoneos;
				SWIFT_ACTIVE_COMPILATION_CONDITIONS = DEBUG;
				SWIFT_OPTIMIZATION_LEVEL = "-Onone";
			};
			name = Debug;
		};
		475E18C924C5E8F8008AE9F8 /* Release */ = {
			isa = XCBuildConfiguration;
			buildSettings = {
				ALWAYS_SEARCH_USER_PATHS = NO;
				CLANG_ANALYZER_NONNULL = YES;
				CLANG_ANALYZER_NUMBER_OBJECT_CONVERSION = YES_AGGRESSIVE;
				CLANG_CXX_LANGUAGE_STANDARD = "gnu++14";
				CLANG_CXX_LIBRARY = "libc++";
				CLANG_ENABLE_MODULES = YES;
				CLANG_ENABLE_OBJC_ARC = YES;
				CLANG_ENABLE_OBJC_WEAK = YES;
				CLANG_WARN_BLOCK_CAPTURE_AUTORELEASING = YES;
				CLANG_WARN_BOOL_CONVERSION = YES;
				CLANG_WARN_COMMA = YES;
				CLANG_WARN_CONSTANT_CONVERSION = YES;
				CLANG_WARN_DEPRECATED_OBJC_IMPLEMENTATIONS = YES;
				CLANG_WARN_DIRECT_OBJC_ISA_USAGE = YES_ERROR;
				CLANG_WARN_DOCUMENTATION_COMMENTS = YES;
				CLANG_WARN_EMPTY_BODY = YES;
				CLANG_WARN_ENUM_CONVERSION = YES;
				CLANG_WARN_INFINITE_RECURSION = YES;
				CLANG_WARN_INT_CONVERSION = YES;
				CLANG_WARN_NON_LITERAL_NULL_CONVERSION = YES;
				CLANG_WARN_OBJC_IMPLICIT_RETAIN_SELF = YES;
				CLANG_WARN_OBJC_LITERAL_CONVERSION = YES;
				CLANG_WARN_OBJC_ROOT_CLASS = YES_ERROR;
				CLANG_WARN_RANGE_LOOP_ANALYSIS = YES;
				CLANG_WARN_STRICT_PROTOTYPES = YES;
				CLANG_WARN_SUSPICIOUS_MOVE = YES;
				CLANG_WARN_UNGUARDED_AVAILABILITY = YES_AGGRESSIVE;
				CLANG_WARN_UNREACHABLE_CODE = YES;
				CLANG_WARN__DUPLICATE_METHOD_MATCH = YES;
				COPY_PHASE_STRIP = NO;
				DEBUG_INFORMATION_FORMAT = "dwarf-with-dsym";
				ENABLE_NS_ASSERTIONS = NO;
				ENABLE_STRICT_OBJC_MSGSEND = YES;
				GCC_C_LANGUAGE_STANDARD = gnu11;
				GCC_NO_COMMON_BLOCKS = YES;
				GCC_WARN_64_TO_32_BIT_CONVERSION = YES;
				GCC_WARN_ABOUT_RETURN_TYPE = YES_ERROR;
				GCC_WARN_UNDECLARED_SELECTOR = YES;
				GCC_WARN_UNINITIALIZED_AUTOS = YES_AGGRESSIVE;
				GCC_WARN_UNUSED_FUNCTION = YES;
				GCC_WARN_UNUSED_VARIABLE = YES;
				IPHONEOS_DEPLOYMENT_TARGET = 13.6;
				MTL_ENABLE_DEBUG_INFO = NO;
				MTL_FAST_MATH = YES;
				SDKROOT = iphoneos;
				SWIFT_COMPILATION_MODE = wholemodule;
				SWIFT_OPTIMIZATION_LEVEL = "-O";
				VALIDATE_PRODUCT = YES;
			};
			name = Release;
		};
		475E18CB24C5E8F8008AE9F8 /* Debug */ = {
			isa = XCBuildConfiguration;
			buildSettings = {
				ASSETCATALOG_COMPILER_COMPLICATION_NAME = Complication;
				CODE_SIGN_STYLE = Automatic;
				DEVELOPMENT_ASSET_PATHS = "\"Random lunch selector WatchKit Extension/Preview Content\"";
				DEVELOPMENT_TEAM = 6726HK7B76;
				ENABLE_PREVIEWS = YES;
				INFOPLIST_FILE = "Random lunch selector WatchKit Extension/Info.plist";
				LD_RUNPATH_SEARCH_PATHS = (
					"$(inherited)",
					"@executable_path/Frameworks",
					"@executable_path/../../Frameworks",
				);
				PRODUCT_BUNDLE_IDENTIFIER = "shkim.Random-lunch-selector.watchkitapp.watchkitextension";
				PRODUCT_NAME = "${TARGET_NAME}";
				SDKROOT = watchos;
				SKIP_INSTALL = YES;
				SWIFT_VERSION = 5.0;
				TARGETED_DEVICE_FAMILY = 4;
				WATCHOS_DEPLOYMENT_TARGET = 6.2;
			};
			name = Debug;
		};
		475E18CC24C5E8F8008AE9F8 /* Release */ = {
			isa = XCBuildConfiguration;
			buildSettings = {
				ASSETCATALOG_COMPILER_COMPLICATION_NAME = Complication;
				CODE_SIGN_STYLE = Automatic;
				DEVELOPMENT_ASSET_PATHS = "\"Random lunch selector WatchKit Extension/Preview Content\"";
				DEVELOPMENT_TEAM = 6726HK7B76;
				ENABLE_PREVIEWS = YES;
				INFOPLIST_FILE = "Random lunch selector WatchKit Extension/Info.plist";
				LD_RUNPATH_SEARCH_PATHS = (
					"$(inherited)",
					"@executable_path/Frameworks",
					"@executable_path/../../Frameworks",
				);
				PRODUCT_BUNDLE_IDENTIFIER = "shkim.Random-lunch-selector.watchkitapp.watchkitextension";
				PRODUCT_NAME = "${TARGET_NAME}";
				SDKROOT = watchos;
				SKIP_INSTALL = YES;
				SWIFT_VERSION = 5.0;
				TARGETED_DEVICE_FAMILY = 4;
				WATCHOS_DEPLOYMENT_TARGET = 6.2;
			};
			name = Release;
		};
		475E18CF24C5E8F8008AE9F8 /* Debug */ = {
			isa = XCBuildConfiguration;
			buildSettings = {
				ALWAYS_EMBED_SWIFT_STANDARD_LIBRARIES = YES;
				ASSETCATALOG_COMPILER_APPICON_NAME = AppIcon;
				CODE_SIGN_STYLE = Automatic;
				DEVELOPMENT_TEAM = 6726HK7B76;
				IBSC_MODULE = Random_lunch_selector_WatchKit_Extension;
				INFOPLIST_FILE = "Random lunch selector WatchKit App/Info.plist";
				PRODUCT_BUNDLE_IDENTIFIER = "shkim.Random-lunch-selector.watchkitapp";
				PRODUCT_NAME = "$(TARGET_NAME)";
				SDKROOT = watchos;
				SKIP_INSTALL = YES;
				SWIFT_VERSION = 5.0;
				TARGETED_DEVICE_FAMILY = 4;
				WATCHOS_DEPLOYMENT_TARGET = 6.2;
			};
			name = Debug;
		};
		475E18D024C5E8F8008AE9F8 /* Release */ = {
			isa = XCBuildConfiguration;
			buildSettings = {
				ALWAYS_EMBED_SWIFT_STANDARD_LIBRARIES = YES;
				ASSETCATALOG_COMPILER_APPICON_NAME = AppIcon;
				CODE_SIGN_STYLE = Automatic;
				DEVELOPMENT_TEAM = 6726HK7B76;
				IBSC_MODULE = Random_lunch_selector_WatchKit_Extension;
				INFOPLIST_FILE = "Random lunch selector WatchKit App/Info.plist";
				PRODUCT_BUNDLE_IDENTIFIER = "shkim.Random-lunch-selector.watchkitapp";
				PRODUCT_NAME = "$(TARGET_NAME)";
				SDKROOT = watchos;
				SKIP_INSTALL = YES;
				SWIFT_VERSION = 5.0;
				TARGETED_DEVICE_FAMILY = 4;
				WATCHOS_DEPLOYMENT_TARGET = 6.2;
			};
			name = Release;
		};
		475E18D324C5E8F8008AE9F8 /* Debug */ = {
			isa = XCBuildConfiguration;
			buildSettings = {
				ASSETCATALOG_COMPILER_APPICON_NAME = AppIcon;
				CODE_SIGN_STYLE = Automatic;
				DEVELOPMENT_ASSET_PATHS = "\"Random lunch selector/Preview Content\"";
				DEVELOPMENT_TEAM = 6726HK7B76;
				ENABLE_PREVIEWS = YES;
				INFOPLIST_FILE = "Random lunch selector/Info.plist";
				LD_RUNPATH_SEARCH_PATHS = (
					"$(inherited)",
					"@executable_path/Frameworks",
				);
				PRODUCT_BUNDLE_IDENTIFIER = "shkim.Random-lunch-selector";
				PRODUCT_NAME = "$(TARGET_NAME)";
				SWIFT_VERSION = 5.0;
				TARGETED_DEVICE_FAMILY = "1,2";
			};
			name = Debug;
		};
		475E18D424C5E8F8008AE9F8 /* Release */ = {
			isa = XCBuildConfiguration;
			buildSettings = {
				ASSETCATALOG_COMPILER_APPICON_NAME = AppIcon;
				CODE_SIGN_STYLE = Automatic;
				DEVELOPMENT_ASSET_PATHS = "\"Random lunch selector/Preview Content\"";
				DEVELOPMENT_TEAM = 6726HK7B76;
				ENABLE_PREVIEWS = YES;
				INFOPLIST_FILE = "Random lunch selector/Info.plist";
				LD_RUNPATH_SEARCH_PATHS = (
					"$(inherited)",
					"@executable_path/Frameworks",
				);
				PRODUCT_BUNDLE_IDENTIFIER = "shkim.Random-lunch-selector";
				PRODUCT_NAME = "$(TARGET_NAME)";
				SWIFT_VERSION = 5.0;
				TARGETED_DEVICE_FAMILY = "1,2";
			};
			name = Release;
		};
/* End XCBuildConfiguration section */

/* Begin XCConfigurationList section */
		475E188A24C5E8F5008AE9F8 /* Build configuration list for PBXProject "Random lunch selector" */ = {
			isa = XCConfigurationList;
			buildConfigurations = (
				475E18C824C5E8F8008AE9F8 /* Debug */,
				475E18C924C5E8F8008AE9F8 /* Release */,
			);
			defaultConfigurationIsVisible = 0;
			defaultConfigurationName = Release;
		};
		475E18CA24C5E8F8008AE9F8 /* Build configuration list for PBXNativeTarget "Random lunch selector WatchKit Extension" */ = {
			isa = XCConfigurationList;
			buildConfigurations = (
				475E18CB24C5E8F8008AE9F8 /* Debug */,
				475E18CC24C5E8F8008AE9F8 /* Release */,
			);
			defaultConfigurationIsVisible = 0;
			defaultConfigurationName = Release;
		};
		475E18CE24C5E8F8008AE9F8 /* Build configuration list for PBXNativeTarget "Random lunch selector WatchKit App" */ = {
			isa = XCConfigurationList;
			buildConfigurations = (
				475E18CF24C5E8F8008AE9F8 /* Debug */,
				475E18D024C5E8F8008AE9F8 /* Release */,
			);
			defaultConfigurationIsVisible = 0;
			defaultConfigurationName = Release;
		};
		475E18D224C5E8F8008AE9F8 /* Build configuration list for PBXNativeTarget "Random lunch selector" */ = {
			isa = XCConfigurationList;
			buildConfigurations = (
				475E18D324C5E8F8008AE9F8 /* Debug */,
				475E18D424C5E8F8008AE9F8 /* Release */,
			);
			defaultConfigurationIsVisible = 0;
			defaultConfigurationName = Release;
		};
/* End XCConfigurationList section */
	};
	rootObject = 475E188724C5E8F5008AE9F8 /* Project object */;
}
